
Microsoft Visual Studio Solution File, Format Version 12.00
# Visual Studio Version 17
VisualStudioVersion = 17.14.36221.1 d17.14
MinimumVisualStudioVersion = 10.0.40219.1
Project("{FAE04EC0-301F-11D3-BF4B-00C04F79EFBC}") = "SignalRWithSqlTableDependency", "SignalRWithSqlTableDependency\SignalRWithSqlTableDependency.csproj", "{D934F13E-4D68-4209-928D-A34E31192ADE}"
EndProject
Global
	GlobalSection(SolutionConfigurationPlatforms) = preSolution
		Debug|Any CPU = Debug|Any CPU
		Release|Any CPU = Release|Any CPU
	EndGlobalSection
	GlobalSection(ProjectConfigurationPlatforms) = postSolution
		{D934F13E-4D68-4209-928D-A34E31192ADE}.Debug|Any CPU.ActiveCfg = Debug|Any CPU
		{D934F13E-4D68-4209-928D-A34E31192ADE}.Debug|Any CPU.Build.0 = Debug|Any CPU
		{D934F13E-4D68-4209-928D-A34E31192ADE}.Release|Any CPU.ActiveCfg = Release|Any CPU
		{D934F13E-4D68-4209-928D-A34E31192ADE}.Release|Any CPU.Build.0 = Release|Any CPU
	EndGlobalSection
	GlobalSection(SolutionProperties) = preSolution
		HideSolutionNode = FALSE
	EndGlobalSection
	GlobalSection(ExtensibilityGlobals) = postSolution
		SolutionGuid = {D7C2E443-72E3-412E-9E56-984BEFC59F1D}
	EndGlobalSection
EndGlobal
