
Microsoft Visual Studio Solution File, Format Version 12.00
# Visual Studio Version 17
VisualStudioVersion = 17.13.35931.197 d17.13
MinimumVisualStudioVersion = 10.0.40219.1
Project("{FAE04EC0-301F-11D3-BF4B-00C04F79EFBC}") = "BattleGame", "BattleGame.csproj", "{FC21BA7B-516B-017F-8241-ED02D7251073}"
EndProject
Global
	GlobalSection(SolutionConfigurationPlatforms) = preSolution
		Debug|Any CPU = Debug|Any CPU
		Release|Any CPU = Release|Any CPU
	EndGlobalSection
	GlobalSection(ProjectConfigurationPlatforms) = postSolution
		{FC21BA7B-516B-017F-8241-ED02D7251073}.Debug|Any CPU.ActiveCfg = Debug|Any CPU
		{FC21BA7B-516B-017F-8241-ED02D7251073}.Debug|Any CPU.Build.0 = Debug|Any CPU
		{FC21BA7B-516B-017F-8241-ED02D7251073}.Release|Any CPU.ActiveCfg = Release|Any CPU
		{FC21BA7B-516B-017F-8241-ED02D7251073}.Release|Any CPU.Build.0 = Release|Any CPU
	EndGlobalSection
	GlobalSection(SolutionProperties) = preSolution
		HideSolutionNode = FALSE
	EndGlobalSection
	GlobalSection(ExtensibilityGlobals) = postSolution
		SolutionGuid = {4AD93438-7235-4458-A8BC-C680C73B2445}
	EndGlobalSection
EndGlobal
